
Microsoft Visual Studio Solution File, Format Version 12.00
# Visual Studio Version 16
VisualStudioVersion = 16.0.31321.278
MinimumVisualStudioVersion = 10.0.40219.1
Project("{FAE04EC0-301F-11D3-BF4B-00C04F79EFBC}") = "Dashbord", "Dashbord.csproj", "{1514D473-9B42-460C-A016-5C90CA8DC2AC}"
EndProject
Global
	GlobalSection(SolutionConfigurationPlatforms) = preSolution
		Debug|Any CPU = Debug|Any CPU
		Release|Any CPU = Release|Any CPU
	EndGlobalSection
	GlobalSection(ProjectConfigurationPlatforms) = postSolution
		{1514D473-9B42-460C-A016-5C90CA8DC2AC}.Debug|Any CPU.ActiveCfg = Debug|Any CPU
		{1514D473-9B42-460C-A016-5C90CA8DC2AC}.Debug|Any CPU.Build.0 = Debug|Any CPU
		{1514D473-9B42-460C-A016-5C90CA8DC2AC}.Release|Any CPU.ActiveCfg = Release|Any CPU
		{1514D473-9B42-460C-A016-5C90CA8DC2AC}.Release|Any CPU.Build.0 = Release|Any CPU
	EndGlobalSection
	GlobalSection(SolutionProperties) = preSolution
		HideSolutionNode = FALSE
	EndGlobalSection
	GlobalSection(ExtensibilityGlobals) = postSolution
		SolutionGuid = {5F201423-56EE-4B3E-8952-E71BCF4E188D}
	EndGlobalSection
EndGlobal
